
Microsoft Visual Studio Solution File, Format Version 12.00
# Visual Studio 15
VisualStudioVersion = 15.0.26124.0
MinimumVisualStudioVersion = 15.0.26124.0
Project("{FAE04EC0-301F-11D3-BF4B-00C04F79EFBC}") = "squadup", "squadup\squadup.csproj", "{90217582-FCE9-4FEA-828C-533B06724ACE}"
EndProject
Project("{FAE04EC0-301F-11D3-BF4B-00C04F79EFBC}") = "squadup.Tests", "squadup.Tests\squadup.Tests.csproj", "{49946632-CB4A-4C32-933A-35343C8C9FE2}"
EndProject
Global
	GlobalSection(SolutionConfigurationPlatforms) = preSolution
		Debug|Any CPU = Debug|Any CPU
		Debug|x64 = Debug|x64
		Debug|x86 = Debug|x86
		Release|Any CPU = Release|Any CPU
		Release|x64 = Release|x64
		Release|x86 = Release|x86
	EndGlobalSection
	GlobalSection(SolutionProperties) = preSolution
		HideSolutionNode = FALSE
	EndGlobalSection
	GlobalSection(ProjectConfigurationPlatforms) = postSolution
		{90217582-FCE9-4FEA-828C-533B06724ACE}.Debug|Any CPU.ActiveCfg = Debug|Any CPU
		{90217582-FCE9-4FEA-828C-533B06724ACE}.Debug|Any CPU.Build.0 = Debug|Any CPU
		{90217582-FCE9-4FEA-828C-533B06724ACE}.Debug|x64.ActiveCfg = Debug|Any CPU
		{90217582-FCE9-4FEA-828C-533B06724ACE}.Debug|x64.Build.0 = Debug|Any CPU
		{90217582-FCE9-4FEA-828C-533B06724ACE}.Debug|x86.ActiveCfg = Debug|Any CPU
		{90217582-FCE9-4FEA-828C-533B06724ACE}.Debug|x86.Build.0 = Debug|Any CPU
		{90217582-FCE9-4FEA-828C-533B06724ACE}.Release|Any CPU.ActiveCfg = Release|Any CPU
		{90217582-FCE9-4FEA-828C-533B06724ACE}.Release|Any CPU.Build.0 = Release|Any CPU
		{90217582-FCE9-4FEA-828C-533B06724ACE}.Release|x64.ActiveCfg = Release|Any CPU
		{90217582-FCE9-4FEA-828C-533B06724ACE}.Release|x64.Build.0 = Release|Any CPU
		{90217582-FCE9-4FEA-828C-533B06724ACE}.Release|x86.ActiveCfg = Release|Any CPU
		{90217582-FCE9-4FEA-828C-533B06724ACE}.Release|x86.Build.0 = Release|Any CPU
		{49946632-CB4A-4C32-933A-35343C8C9FE2}.Debug|Any CPU.ActiveCfg = Debug|Any CPU
		{49946632-CB4A-4C32-933A-35343C8C9FE2}.Debug|Any CPU.Build.0 = Debug|Any CPU
		{49946632-CB4A-4C32-933A-35343C8C9FE2}.Debug|x64.ActiveCfg = Debug|Any CPU
		{49946632-CB4A-4C32-933A-35343C8C9FE2}.Debug|x64.Build.0 = Debug|Any CPU
		{49946632-CB4A-4C32-933A-35343C8C9FE2}.Debug|x86.ActiveCfg = Debug|Any CPU
		{49946632-CB4A-4C32-933A-35343C8C9FE2}.Debug|x86.Build.0 = Debug|Any CPU
		{49946632-CB4A-4C32-933A-35343C8C9FE2}.Release|Any CPU.ActiveCfg = Release|Any CPU
		{49946632-CB4A-4C32-933A-35343C8C9FE2}.Release|Any CPU.Build.0 = Release|Any CPU
		{49946632-CB4A-4C32-933A-35343C8C9FE2}.Release|x64.ActiveCfg = Release|Any CPU
		{49946632-CB4A-4C32-933A-35343C8C9FE2}.Release|x64.Build.0 = Release|Any CPU
		{49946632-CB4A-4C32-933A-35343C8C9FE2}.Release|x86.ActiveCfg = Release|Any CPU
		{49946632-CB4A-4C32-933A-35343C8C9FE2}.Release|x86.Build.0 = Release|Any CPU
	EndGlobalSection
EndGlobal
